
Microsoft Visual Studio Solution File, Format Version 12.00
# Visual Studio Version 16
VisualStudioVersion = 16.0.31424.327
MinimumVisualStudioVersion = 10.0.40219.1
Project("{FAE04EC0-301F-11D3-BF4B-00C04F79EFBC}") = "SchoolManagement", "SchoolManagement\SchoolManagement.csproj", "{FE05CE93-6B45-4098-9257-22F1B8CE2C18}"
EndProject
Global
	GlobalSection(SolutionConfigurationPlatforms) = preSolution
		Debug|Any CPU = Debug|Any CPU
		Release|Any CPU = Release|Any CPU
	EndGlobalSection
	GlobalSection(ProjectConfigurationPlatforms) = postSolution
		{FE05CE93-6B45-4098-9257-22F1B8CE2C18}.Debug|Any CPU.ActiveCfg = Debug|Any CPU
		{FE05CE93-6B45-4098-9257-22F1B8CE2C18}.Debug|Any CPU.Build.0 = Debug|Any CPU
		{FE05CE93-6B45-4098-9257-22F1B8CE2C18}.Release|Any CPU.ActiveCfg = Release|Any CPU
		{FE05CE93-6B45-4098-9257-22F1B8CE2C18}.Release|Any CPU.Build.0 = Release|Any CPU
	EndGlobalSection
	GlobalSection(SolutionProperties) = preSolution
		HideSolutionNode = FALSE
	EndGlobalSection
	GlobalSection(ExtensibilityGlobals) = postSolution
		SolutionGuid = {1824668A-3586-4CBA-84B3-889CB4232FD8}
	EndGlobalSection
EndGlobal
